
Microsoft Visual Studio Solution File, Format Version 12.00
# Visual Studio 15
VisualStudioVersion = 15.0.26403.0
MinimumVisualStudioVersion = 10.0.40219.1
Project("{FAE04EC0-301F-11D3-BF4B-00C04F79EFBC}") = "QRCamUnity", "QRCamUnity\QRCamUnity.csproj", "{13A45C13-3265-47B8-BC48-A553B569DF55}"
EndProject
Project("{FAE04EC0-301F-11D3-BF4B-00C04F79EFBC}") = "Assembly-CSharp", "D:\GitHub\HololensQRCam\output\GeneratedProjects\UWP\Assembly-CSharp\Assembly-CSharp.csproj", "{CD56585B-DEFF-4FC5-87E9-053FB60A46B6}"
EndProject
Project("{FAE04EC0-301F-11D3-BF4B-00C04F79EFBC}") = "Assembly-CSharp-firstpass", "D:\GitHub\HololensQRCam\output\GeneratedProjects\UWP\Assembly-CSharp-firstpass\Assembly-CSharp-firstpass.csproj", "{DEE93F6C-7938-4A9B-AD54-B8C58502E266}"
EndProject
Project("{2150E333-8FDC-42A3-9474-1A3956D46DE8}") = "Plugin", "Plugin", "{81E2EA20-7ADB-4CCB-A637-92883EFFE56D}"
EndProject
Project("{D954291E-2A0B-460D-934E-DC6B0785DB48}") = "WebCamPhotoService.Share", "..\QRCamPlugin\WebCamPhotoService.Share\WebCamPhotoService.Share.shproj", "{FF0DAD8B-EFE5-4E44-9743-0A4893F5E4AC}"
EndProject
Project("{FAE04EC0-301F-11D3-BF4B-00C04F79EFBC}") = "WebCamPhotoService.Editor", "..\QRCamPlugin\WebCamPhotoService.Editor\WebCamPhotoService.Editor.csproj", "{FD5489B6-93D9-425F-A50B-A558DF79743C}"
EndProject
Project("{FAE04EC0-301F-11D3-BF4B-00C04F79EFBC}") = "WebCamPhotoService.UWP", "..\QRCamPlugin\WebCamPhotoService.UWP\WebCamPhotoService.UWP.csproj", "{5A5D5C74-724C-4A6D-8ECD-90AE7B9B9CBE}"
EndProject
Project("{2150E333-8FDC-42A3-9474-1A3956D46DE8}") = "Files", "Files", "{FE6B602F-2A80-4E44-A28A-993BDD1AE206}"
EndProject
Project("{FAE04EC0-301F-11D3-BF4B-00C04F79EFBC}") = "WebCamPhotoService.UWP.TestApp", "..\QRCamPlugin\WebCamPhotoService.UWP.TestApp\WebCamPhotoService.UWP.TestApp.csproj", "{B6F5588B-F48F-4652-AECC-2E2D9F724058}"
EndProject
Global
	GlobalSection(SharedMSBuildProjectFiles) = preSolution
		..\QRCamPlugin\WebCamPhotoService.Share\WebCamPhotoService.Share.projitems*{5a5d5c74-724c-4a6d-8ecd-90ae7b9b9cbe}*SharedItemsImports = 4
		..\QRCamPlugin\WebCamPhotoService.Share\WebCamPhotoService.Share.projitems*{fd5489b6-93d9-425f-a50b-a558df79743c}*SharedItemsImports = 4
		..\QRCamPlugin\WebCamPhotoService.Share\WebCamPhotoService.Share.projitems*{ff0dad8b-efe5-4e44-9743-0a4893f5e4ac}*SharedItemsImports = 13
	EndGlobalSection
	GlobalSection(SolutionConfigurationPlatforms) = preSolution
		Debug|Any CPU = Debug|Any CPU
		Debug|ARM = Debug|ARM
		Debug|x64 = Debug|x64
		Debug|x86 = Debug|x86
		Master|Any CPU = Master|Any CPU
		Master|ARM = Master|ARM
		Master|x64 = Master|x64
		Master|x86 = Master|x86
		Release|Any CPU = Release|Any CPU
		Release|ARM = Release|ARM
		Release|x64 = Release|x64
		Release|x86 = Release|x86
	EndGlobalSection
	GlobalSection(ProjectConfigurationPlatforms) = postSolution
		{13A45C13-3265-47B8-BC48-A553B569DF55}.Debug|Any CPU.ActiveCfg = Debug|x86
		{13A45C13-3265-47B8-BC48-A553B569DF55}.Debug|ARM.ActiveCfg = Debug|ARM
		{13A45C13-3265-47B8-BC48-A553B569DF55}.Debug|ARM.Build.0 = Debug|ARM
		{13A45C13-3265-47B8-BC48-A553B569DF55}.Debug|ARM.Deploy.0 = Debug|ARM
		{13A45C13-3265-47B8-BC48-A553B569DF55}.Debug|x64.ActiveCfg = Debug|x64
		{13A45C13-3265-47B8-BC48-A553B569DF55}.Debug|x64.Build.0 = Debug|x64
		{13A45C13-3265-47B8-BC48-A553B569DF55}.Debug|x64.Deploy.0 = Debug|x64
		{13A45C13-3265-47B8-BC48-A553B569DF55}.Debug|x86.ActiveCfg = Debug|x86
		{13A45C13-3265-47B8-BC48-A553B569DF55}.Debug|x86.Build.0 = Debug|x86
		{13A45C13-3265-47B8-BC48-A553B569DF55}.Debug|x86.Deploy.0 = Debug|x86
		{13A45C13-3265-47B8-BC48-A553B569DF55}.Master|Any CPU.ActiveCfg = Master|x86
		{13A45C13-3265-47B8-BC48-A553B569DF55}.Master|ARM.ActiveCfg = Master|ARM
		{13A45C13-3265-47B8-BC48-A553B569DF55}.Master|ARM.Build.0 = Master|ARM
		{13A45C13-3265-47B8-BC48-A553B569DF55}.Master|ARM.Deploy.0 = Master|ARM
		{13A45C13-3265-47B8-BC48-A553B569DF55}.Master|x64.ActiveCfg = Master|x64
		{13A45C13-3265-47B8-BC48-A553B569DF55}.Master|x64.Build.0 = Master|x64
		{13A45C13-3265-47B8-BC48-A553B569DF55}.Master|x64.Deploy.0 = Master|x64
		{13A45C13-3265-47B8-BC48-A553B569DF55}.Master|x86.ActiveCfg = Master|x86
		{13A45C13-3265-47B8-BC48-A553B569DF55}.Master|x86.Build.0 = Master|x86
		{13A45C13-3265-47B8-BC48-A553B569DF55}.Master|x86.Deploy.0 = Master|x86
		{13A45C13-3265-47B8-BC48-A553B569DF55}.Release|Any CPU.ActiveCfg = Release|x86
		{13A45C13-3265-47B8-BC48-A553B569DF55}.Release|ARM.ActiveCfg = Release|ARM
		{13A45C13-3265-47B8-BC48-A553B569DF55}.Release|ARM.Build.0 = Release|ARM
		{13A45C13-3265-47B8-BC48-A553B569DF55}.Release|ARM.Deploy.0 = Release|ARM
		{13A45C13-3265-47B8-BC48-A553B569DF55}.Release|x64.ActiveCfg = Release|x64
		{13A45C13-3265-47B8-BC48-A553B569DF55}.Release|x64.Build.0 = Release|x64
		{13A45C13-3265-47B8-BC48-A553B569DF55}.Release|x64.Deploy.0 = Release|x64
		{13A45C13-3265-47B8-BC48-A553B569DF55}.Release|x86.ActiveCfg = Release|x86
		{13A45C13-3265-47B8-BC48-A553B569DF55}.Release|x86.Build.0 = Release|x86
		{13A45C13-3265-47B8-BC48-A553B569DF55}.Release|x86.Deploy.0 = Release|x86
		{CD56585B-DEFF-4FC5-87E9-053FB60A46B6}.Debug|Any CPU.ActiveCfg = Debug|x86
		{CD56585B-DEFF-4FC5-87E9-053FB60A46B6}.Debug|ARM.ActiveCfg = Debug|ARM
		{CD56585B-DEFF-4FC5-87E9-053FB60A46B6}.Debug|ARM.Build.0 = Debug|ARM
		{CD56585B-DEFF-4FC5-87E9-053FB60A46B6}.Debug|x64.ActiveCfg = Debug|x64
		{CD56585B-DEFF-4FC5-87E9-053FB60A46B6}.Debug|x64.Build.0 = Debug|x64
		{CD56585B-DEFF-4FC5-87E9-053FB60A46B6}.Debug|x86.ActiveCfg = Debug|x86
		{CD56585B-DEFF-4FC5-87E9-053FB60A46B6}.Debug|x86.Build.0 = Debug|x86
		{CD56585B-DEFF-4FC5-87E9-053FB60A46B6}.Master|Any CPU.ActiveCfg = Master|x86
		{CD56585B-DEFF-4FC5-87E9-053FB60A46B6}.Master|ARM.ActiveCfg = Master|ARM
		{CD56585B-DEFF-4FC5-87E9-053FB60A46B6}.Master|ARM.Build.0 = Master|ARM
		{CD56585B-DEFF-4FC5-87E9-053FB60A46B6}.Master|x64.ActiveCfg = Master|x64
		{CD56585B-DEFF-4FC5-87E9-053FB60A46B6}.Master|x64.Build.0 = Master|x64
		{CD56585B-DEFF-4FC5-87E9-053FB60A46B6}.Master|x86.ActiveCfg = Master|x86
		{CD56585B-DEFF-4FC5-87E9-053FB60A46B6}.Master|x86.Build.0 = Master|x86
		{CD56585B-DEFF-4FC5-87E9-053FB60A46B6}.Release|Any CPU.ActiveCfg = Release|x86
		{CD56585B-DEFF-4FC5-87E9-053FB60A46B6}.Release|ARM.ActiveCfg = Release|ARM
		{CD56585B-DEFF-4FC5-87E9-053FB60A46B6}.Release|ARM.Build.0 = Release|ARM
		{CD56585B-DEFF-4FC5-87E9-053FB60A46B6}.Release|x64.ActiveCfg = Release|x64
		{CD56585B-DEFF-4FC5-87E9-053FB60A46B6}.Release|x64.Build.0 = Release|x64
		{CD56585B-DEFF-4FC5-87E9-053FB60A46B6}.Release|x86.ActiveCfg = Release|x86
		{CD56585B-DEFF-4FC5-87E9-053FB60A46B6}.Release|x86.Build.0 = Release|x86
		{DEE93F6C-7938-4A9B-AD54-B8C58502E266}.Debug|Any CPU.ActiveCfg = Debug|x86
		{DEE93F6C-7938-4A9B-AD54-B8C58502E266}.Debug|ARM.ActiveCfg = Debug|ARM
		{DEE93F6C-7938-4A9B-AD54-B8C58502E266}.Debug|ARM.Build.0 = Debug|ARM
		{DEE93F6C-7938-4A9B-AD54-B8C58502E266}.Debug|x64.ActiveCfg = Debug|x64
		{DEE93F6C-7938-4A9B-AD54-B8C58502E266}.Debug|x64.Build.0 = Debug|x64
		{DEE93F6C-7938-4A9B-AD54-B8C58502E266}.Debug|x86.ActiveCfg = Debug|x86
		{DEE93F6C-7938-4A9B-AD54-B8C58502E266}.Debug|x86.Build.0 = Debug|x86
		{DEE93F6C-7938-4A9B-AD54-B8C58502E266}.Master|Any CPU.ActiveCfg = Master|x86
		{DEE93F6C-7938-4A9B-AD54-B8C58502E266}.Master|ARM.ActiveCfg = Master|ARM
		{DEE93F6C-7938-4A9B-AD54-B8C58502E266}.Master|ARM.Build.0 = Master|ARM
		{DEE93F6C-7938-4A9B-AD54-B8C58502E266}.Master|x64.ActiveCfg = Master|x64
		{DEE93F6C-7938-4A9B-AD54-B8C58502E266}.Master|x64.Build.0 = Master|x64
		{DEE93F6C-7938-4A9B-AD54-B8C58502E266}.Master|x86.ActiveCfg = Master|x86
		{DEE93F6C-7938-4A9B-AD54-B8C58502E266}.Master|x86.Build.0 = Master|x86
		{DEE93F6C-7938-4A9B-AD54-B8C58502E266}.Release|Any CPU.ActiveCfg = Release|x86
		{DEE93F6C-7938-4A9B-AD54-B8C58502E266}.Release|ARM.ActiveCfg = Release|ARM
		{DEE93F6C-7938-4A9B-AD54-B8C58502E266}.Release|ARM.Build.0 = Release|ARM
		{DEE93F6C-7938-4A9B-AD54-B8C58502E266}.Release|x64.ActiveCfg = Release|x64
		{DEE93F6C-7938-4A9B-AD54-B8C58502E266}.Release|x64.Build.0 = Release|x64
		{DEE93F6C-7938-4A9B-AD54-B8C58502E266}.Release|x86.ActiveCfg = Release|x86
		{DEE93F6C-7938-4A9B-AD54-B8C58502E266}.Release|x86.Build.0 = Release|x86
		{FD5489B6-93D9-425F-A50B-A558DF79743C}.Debug|Any CPU.ActiveCfg = Debug|Any CPU
		{FD5489B6-93D9-425F-A50B-A558DF79743C}.Debug|Any CPU.Build.0 = Debug|Any CPU
		{FD5489B6-93D9-425F-A50B-A558DF79743C}.Debug|ARM.ActiveCfg = Debug|Any CPU
		{FD5489B6-93D9-425F-A50B-A558DF79743C}.Debug|ARM.Build.0 = Debug|Any CPU
		{FD5489B6-93D9-425F-A50B-A558DF79743C}.Debug|x64.ActiveCfg = Debug|Any CPU
		{FD5489B6-93D9-425F-A50B-A558DF79743C}.Debug|x64.Build.0 = Debug|Any CPU
		{FD5489B6-93D9-425F-A50B-A558DF79743C}.Debug|x86.ActiveCfg = Debug|Any CPU
		{FD5489B6-93D9-425F-A50B-A558DF79743C}.Debug|x86.Build.0 = Debug|Any CPU
		{FD5489B6-93D9-425F-A50B-A558DF79743C}.Master|Any CPU.ActiveCfg = Release|Any CPU
		{FD5489B6-93D9-425F-A50B-A558DF79743C}.Master|Any CPU.Build.0 = Release|Any CPU
		{FD5489B6-93D9-425F-A50B-A558DF79743C}.Master|ARM.ActiveCfg = Release|Any CPU
		{FD5489B6-93D9-425F-A50B-A558DF79743C}.Master|ARM.Build.0 = Release|Any CPU
		{FD5489B6-93D9-425F-A50B-A558DF79743C}.Master|x64.ActiveCfg = Release|Any CPU
		{FD5489B6-93D9-425F-A50B-A558DF79743C}.Master|x64.Build.0 = Release|Any CPU
		{FD5489B6-93D9-425F-A50B-A558DF79743C}.Master|x86.ActiveCfg = Release|Any CPU
		{FD5489B6-93D9-425F-A50B-A558DF79743C}.Master|x86.Build.0 = Release|Any CPU
		{FD5489B6-93D9-425F-A50B-A558DF79743C}.Release|Any CPU.ActiveCfg = Release|Any CPU
		{FD5489B6-93D9-425F-A50B-A558DF79743C}.Release|Any CPU.Build.0 = Release|Any CPU
		{FD5489B6-93D9-425F-A50B-A558DF79743C}.Release|ARM.ActiveCfg = Release|Any CPU
		{FD5489B6-93D9-425F-A50B-A558DF79743C}.Release|ARM.Build.0 = Release|Any CPU
		{FD5489B6-93D9-425F-A50B-A558DF79743C}.Release|x64.ActiveCfg = Release|Any CPU
		{FD5489B6-93D9-425F-A50B-A558DF79743C}.Release|x64.Build.0 = Release|Any CPU
		{FD5489B6-93D9-425F-A50B-A558DF79743C}.Release|x86.ActiveCfg = Release|Any CPU
		{FD5489B6-93D9-425F-A50B-A558DF79743C}.Release|x86.Build.0 = Release|Any CPU
		{5A5D5C74-724C-4A6D-8ECD-90AE7B9B9CBE}.Debug|Any CPU.ActiveCfg = Debug|Any CPU
		{5A5D5C74-724C-4A6D-8ECD-90AE7B9B9CBE}.Debug|Any CPU.Build.0 = Debug|Any CPU
		{5A5D5C74-724C-4A6D-8ECD-90AE7B9B9CBE}.Debug|ARM.ActiveCfg = Debug|ARM
		{5A5D5C74-724C-4A6D-8ECD-90AE7B9B9CBE}.Debug|ARM.Build.0 = Debug|ARM
		{5A5D5C74-724C-4A6D-8ECD-90AE7B9B9CBE}.Debug|x64.ActiveCfg = Debug|x64
		{5A5D5C74-724C-4A6D-8ECD-90AE7B9B9CBE}.Debug|x64.Build.0 = Debug|x64
		{5A5D5C74-724C-4A6D-8ECD-90AE7B9B9CBE}.Debug|x86.ActiveCfg = Debug|x86
		{5A5D5C74-724C-4A6D-8ECD-90AE7B9B9CBE}.Debug|x86.Build.0 = Debug|x86
		{5A5D5C74-724C-4A6D-8ECD-90AE7B9B9CBE}.Master|Any CPU.ActiveCfg = Release|Any CPU
		{5A5D5C74-724C-4A6D-8ECD-90AE7B9B9CBE}.Master|Any CPU.Build.0 = Release|Any CPU
		{5A5D5C74-724C-4A6D-8ECD-90AE7B9B9CBE}.Master|ARM.ActiveCfg = Release|ARM
		{5A5D5C74-724C-4A6D-8ECD-90AE7B9B9CBE}.Master|ARM.Build.0 = Release|ARM
		{5A5D5C74-724C-4A6D-8ECD-90AE7B9B9CBE}.Master|x64.ActiveCfg = Release|x64
		{5A5D5C74-724C-4A6D-8ECD-90AE7B9B9CBE}.Master|x64.Build.0 = Release|x64
		{5A5D5C74-724C-4A6D-8ECD-90AE7B9B9CBE}.Master|x86.ActiveCfg = Release|x86
		{5A5D5C74-724C-4A6D-8ECD-90AE7B9B9CBE}.Master|x86.Build.0 = Release|x86
		{5A5D5C74-724C-4A6D-8ECD-90AE7B9B9CBE}.Release|Any CPU.ActiveCfg = Release|Any CPU
		{5A5D5C74-724C-4A6D-8ECD-90AE7B9B9CBE}.Release|Any CPU.Build.0 = Release|Any CPU
		{5A5D5C74-724C-4A6D-8ECD-90AE7B9B9CBE}.Release|ARM.ActiveCfg = Release|ARM
		{5A5D5C74-724C-4A6D-8ECD-90AE7B9B9CBE}.Release|ARM.Build.0 = Release|ARM
		{5A5D5C74-724C-4A6D-8ECD-90AE7B9B9CBE}.Release|x64.ActiveCfg = Release|x64
		{5A5D5C74-724C-4A6D-8ECD-90AE7B9B9CBE}.Release|x64.Build.0 = Release|x64
		{5A5D5C74-724C-4A6D-8ECD-90AE7B9B9CBE}.Release|x86.ActiveCfg = Release|x86
		{5A5D5C74-724C-4A6D-8ECD-90AE7B9B9CBE}.Release|x86.Build.0 = Release|x86
		{B6F5588B-F48F-4652-AECC-2E2D9F724058}.Debug|Any CPU.ActiveCfg = Debug|x86
		{B6F5588B-F48F-4652-AECC-2E2D9F724058}.Debug|ARM.ActiveCfg = Debug|ARM
		{B6F5588B-F48F-4652-AECC-2E2D9F724058}.Debug|ARM.Build.0 = Debug|ARM
		{B6F5588B-F48F-4652-AECC-2E2D9F724058}.Debug|ARM.Deploy.0 = Debug|ARM
		{B6F5588B-F48F-4652-AECC-2E2D9F724058}.Debug|x64.ActiveCfg = Debug|x64
		{B6F5588B-F48F-4652-AECC-2E2D9F724058}.Debug|x64.Build.0 = Debug|x64
		{B6F5588B-F48F-4652-AECC-2E2D9F724058}.Debug|x64.Deploy.0 = Debug|x64
		{B6F5588B-F48F-4652-AECC-2E2D9F724058}.Debug|x86.ActiveCfg = Debug|x86
		{B6F5588B-F48F-4652-AECC-2E2D9F724058}.Debug|x86.Build.0 = Debug|x86
		{B6F5588B-F48F-4652-AECC-2E2D9F724058}.Debug|x86.Deploy.0 = Debug|x86
		{B6F5588B-F48F-4652-AECC-2E2D9F724058}.Master|Any CPU.ActiveCfg = Release|x64
		{B6F5588B-F48F-4652-AECC-2E2D9F724058}.Master|Any CPU.Build.0 = Release|x64
		{B6F5588B-F48F-4652-AECC-2E2D9F724058}.Master|Any CPU.Deploy.0 = Release|x64
		{B6F5588B-F48F-4652-AECC-2E2D9F724058}.Master|ARM.ActiveCfg = Release|ARM
		{B6F5588B-F48F-4652-AECC-2E2D9F724058}.Master|ARM.Build.0 = Release|ARM
		{B6F5588B-F48F-4652-AECC-2E2D9F724058}.Master|ARM.Deploy.0 = Release|ARM
		{B6F5588B-F48F-4652-AECC-2E2D9F724058}.Master|x64.ActiveCfg = Release|x64
		{B6F5588B-F48F-4652-AECC-2E2D9F724058}.Master|x64.Build.0 = Release|x64
		{B6F5588B-F48F-4652-AECC-2E2D9F724058}.Master|x64.Deploy.0 = Release|x64
		{B6F5588B-F48F-4652-AECC-2E2D9F724058}.Master|x86.ActiveCfg = Release|x86
		{B6F5588B-F48F-4652-AECC-2E2D9F724058}.Master|x86.Build.0 = Release|x86
		{B6F5588B-F48F-4652-AECC-2E2D9F724058}.Master|x86.Deploy.0 = Release|x86
		{B6F5588B-F48F-4652-AECC-2E2D9F724058}.Release|Any CPU.ActiveCfg = Release|x86
		{B6F5588B-F48F-4652-AECC-2E2D9F724058}.Release|ARM.ActiveCfg = Release|ARM
		{B6F5588B-F48F-4652-AECC-2E2D9F724058}.Release|ARM.Build.0 = Release|ARM
		{B6F5588B-F48F-4652-AECC-2E2D9F724058}.Release|ARM.Deploy.0 = Release|ARM
		{B6F5588B-F48F-4652-AECC-2E2D9F724058}.Release|x64.ActiveCfg = Release|x64
		{B6F5588B-F48F-4652-AECC-2E2D9F724058}.Release|x64.Build.0 = Release|x64
		{B6F5588B-F48F-4652-AECC-2E2D9F724058}.Release|x64.Deploy.0 = Release|x64
		{B6F5588B-F48F-4652-AECC-2E2D9F724058}.Release|x86.ActiveCfg = Release|x86
		{B6F5588B-F48F-4652-AECC-2E2D9F724058}.Release|x86.Build.0 = Release|x86
		{B6F5588B-F48F-4652-AECC-2E2D9F724058}.Release|x86.Deploy.0 = Release|x86
	EndGlobalSection
	GlobalSection(SolutionProperties) = preSolution
		HideSolutionNode = FALSE
	EndGlobalSection
	GlobalSection(NestedProjects) = preSolution
		{FF0DAD8B-EFE5-4E44-9743-0A4893F5E4AC} = {81E2EA20-7ADB-4CCB-A637-92883EFFE56D}
		{FD5489B6-93D9-425F-A50B-A558DF79743C} = {81E2EA20-7ADB-4CCB-A637-92883EFFE56D}
		{5A5D5C74-724C-4A6D-8ECD-90AE7B9B9CBE} = {81E2EA20-7ADB-4CCB-A637-92883EFFE56D}
		{FE6B602F-2A80-4E44-A28A-993BDD1AE206} = {81E2EA20-7ADB-4CCB-A637-92883EFFE56D}
		{B6F5588B-F48F-4652-AECC-2E2D9F724058} = {81E2EA20-7ADB-4CCB-A637-92883EFFE56D}
	EndGlobalSection
EndGlobal
